PODS:
  - Flutter (1.0.0)
  - scenekit_plugin (0.0.1):
    - Flutter

DEPENDENCIES:
  - Flutter (from `Flutter`)
  - scenekit_plugin (from `.symlinks/plugins/scenekit_plugin/ios`)

EXTERNAL SOURCES:
  Flutter:
    :path: Flutter
  scenekit_plugin:
    :path: ".symlinks/plugins/scenekit_plugin/ios"

SPEC CHECKSUMS:
  Flutter: 405776dd0763d7e32a8f989d4e271ca1317d080c
  scenekit_plugin: 6c138b9b9b4267552f9efc74264b26c4cfdb70e9

PODFILE CHECKSUM: c4c93c5f6502fe2754f48404d3594bf779584011

COCOAPODS: 1.11.2
